
Microsoft Visual Studio Solution File, Format Version 12.00
# Visual Studio Version 17
VisualStudioVersion = 17.8.34525.116
MinimumVisualStudioVersion = 10.0.40219.1
Project("{FAE04EC0-301F-11D3-BF4B-00C04F79EFBC}") = "book", "book.csproj", "{732BE620-EE4F-4C1D-8DC4-2F914EDDFEA7}"
EndProject
Global
	GlobalSection(SolutionConfigurationPlatforms) = preSolution
		Debug|Any CPU = Debug|Any CPU
		Release|Any CPU = Release|Any CPU
	EndGlobalSection
	GlobalSection(ProjectConfigurationPlatforms) = postSolution
		{732BE620-EE4F-4C1D-8DC4-2F914EDDFEA7}.Debug|Any CPU.ActiveCfg = Debug|Any CPU
		{732BE620-EE4F-4C1D-8DC4-2F914EDDFEA7}.Debug|Any CPU.Build.0 = Debug|Any CPU
		{732BE620-EE4F-4C1D-8DC4-2F914EDDFEA7}.Release|Any CPU.ActiveCfg = Release|Any CPU
		{732BE620-EE4F-4C1D-8DC4-2F914EDDFEA7}.Release|Any CPU.Build.0 = Release|Any CPU
	EndGlobalSection
	GlobalSection(SolutionProperties) = preSolution
		HideSolutionNode = FALSE
	EndGlobalSection
	GlobalSection(ExtensibilityGlobals) = postSolution
		SolutionGuid = {9ACD60DA-9BFB-46F4-A9C7-A90F5E92005C}
	EndGlobalSection
EndGlobal
